
Microsoft Visual Studio Solution File, Format Version 12.00
# Visual Studio Version 17
VisualStudioVersion = 17.6.33723.286
MinimumVisualStudioVersion = 10.0.40219.1
Project("{FAE04EC0-301F-11D3-BF4B-00C04F79EFBC}") = "SmartWayTestAppplication", "SmartWayTestAppplication\SmartWayTestAppplication.csproj", "{0C85238A-6289-4431-91B2-CA66F470DE04}"
EndProject
Global
	GlobalSection(SolutionConfigurationPlatforms) = preSolution
		Debug|Any CPU = Debug|Any CPU
		Release|Any CPU = Release|Any CPU
	EndGlobalSection
	GlobalSection(ProjectConfigurationPlatforms) = postSolution
		{0C85238A-6289-4431-91B2-CA66F470DE04}.Debug|Any CPU.ActiveCfg = Debug|Any CPU
		{0C85238A-6289-4431-91B2-CA66F470DE04}.Debug|Any CPU.Build.0 = Debug|Any CPU
		{0C85238A-6289-4431-91B2-CA66F470DE04}.Release|Any CPU.ActiveCfg = Release|Any CPU
		{0C85238A-6289-4431-91B2-CA66F470DE04}.Release|Any CPU.Build.0 = Release|Any CPU
	EndGlobalSection
	GlobalSection(SolutionProperties) = preSolution
		HideSolutionNode = FALSE
	EndGlobalSection
	GlobalSection(ExtensibilityGlobals) = postSolution
		SolutionGuid = {3460CA34-7C9A-4429-8B7A-01B48234DF26}
	EndGlobalSection
EndGlobal
